
Microsoft Visual Studio Solution File, Format Version 12.00
# Visual Studio Version 17
VisualStudioVersion = 17.3.32929.385
MinimumVisualStudioVersion = 10.0.40219.1
Project("{FAE04EC0-301F-11D3-BF4B-00C04F79EFBC}") = "VTYS_Blog", "VTYS_Blog\VTYS_Blog.csproj", "{C6D210BB-3090-42B6-8496-8B6D3CCCC81D}"
EndProject
Global
	GlobalSection(SolutionConfigurationPlatforms) = preSolution
		Debug|Any CPU = Debug|Any CPU
		Release|Any CPU = Release|Any CPU
	EndGlobalSection
	GlobalSection(ProjectConfigurationPlatforms) = postSolution
		{C6D210BB-3090-42B6-8496-8B6D3CCCC81D}.Debug|Any CPU.ActiveCfg = Debug|Any CPU
		{C6D210BB-3090-42B6-8496-8B6D3CCCC81D}.Debug|Any CPU.Build.0 = Debug|Any CPU
		{C6D210BB-3090-42B6-8496-8B6D3CCCC81D}.Release|Any CPU.ActiveCfg = Release|Any CPU
		{C6D210BB-3090-42B6-8496-8B6D3CCCC81D}.Release|Any CPU.Build.0 = Release|Any CPU
	EndGlobalSection
	GlobalSection(SolutionProperties) = preSolution
		HideSolutionNode = FALSE
	EndGlobalSection
	GlobalSection(ExtensibilityGlobals) = postSolution
		SolutionGuid = {41308743-B715-4751-8F14-7D1933209F70}
	EndGlobalSection
EndGlobal
